
Microsoft Visual Studio Solution File, Format Version 12.00
# Visual Studio 14
VisualStudioVersion = 14.0.25123.0
MinimumVisualStudioVersion = 10.0.40219.1
Project("{FAE04EC0-301F-11D3-BF4B-00C04F79EFBC}") = "InyeccionDependencia02Consola", "InyeccionDependencia02Consola\InyeccionDependencia02Consola.csproj", "{BD1CDEC8-AFF8-460B-8865-1ED8006C0F78}"
EndProject
Project("{FAE04EC0-301F-11D3-BF4B-00C04F79EFBC}") = "InyeccionDependencia02Tests", "InyeccionDependencia02Tests\InyeccionDependencia02Tests.csproj", "{AD46B105-8A2B-4781-BD8B-7DBFB0501095}"
EndProject
Project("{FAE04EC0-301F-11D3-BF4B-00C04F79EFBC}") = "InyeccionDependencia02Lib", "InyeccionDependencia02Lib\InyeccionDependencia02Lib.csproj", "{475E5C90-9985-465A-96ED-F1D2FE58B8B0}"
EndProject
Project("{FAE04EC0-301F-11D3-BF4B-00C04F79EFBC}") = "InyeccionDependencia02Uno", "InyeccionDependencia02Uno\InyeccionDependencia02Uno.csproj", "{4352B848-8CAA-43EA-B0E5-9278EF002029}"
EndProject
Global
	GlobalSection(SolutionConfigurationPlatforms) = preSolution
		Debug|Any CPU = Debug|Any CPU
		Release|Any CPU = Release|Any CPU
	EndGlobalSection
	GlobalSection(ProjectConfigurationPlatforms) = postSolution
		{BD1CDEC8-AFF8-460B-8865-1ED8006C0F78}.Debug|Any CPU.ActiveCfg = Debug|Any CPU
		{BD1CDEC8-AFF8-460B-8865-1ED8006C0F78}.Debug|Any CPU.Build.0 = Debug|Any CPU
		{BD1CDEC8-AFF8-460B-8865-1ED8006C0F78}.Release|Any CPU.ActiveCfg = Release|Any CPU
		{BD1CDEC8-AFF8-460B-8865-1ED8006C0F78}.Release|Any CPU.Build.0 = Release|Any CPU
		{AD46B105-8A2B-4781-BD8B-7DBFB0501095}.Debug|Any CPU.ActiveCfg = Debug|Any CPU
		{AD46B105-8A2B-4781-BD8B-7DBFB0501095}.Debug|Any CPU.Build.0 = Debug|Any CPU
		{AD46B105-8A2B-4781-BD8B-7DBFB0501095}.Release|Any CPU.ActiveCfg = Release|Any CPU
		{AD46B105-8A2B-4781-BD8B-7DBFB0501095}.Release|Any CPU.Build.0 = Release|Any CPU
		{475E5C90-9985-465A-96ED-F1D2FE58B8B0}.Debug|Any CPU.ActiveCfg = Debug|Any CPU
		{475E5C90-9985-465A-96ED-F1D2FE58B8B0}.Debug|Any CPU.Build.0 = Debug|Any CPU
		{475E5C90-9985-465A-96ED-F1D2FE58B8B0}.Release|Any CPU.ActiveCfg = Release|Any CPU
		{475E5C90-9985-465A-96ED-F1D2FE58B8B0}.Release|Any CPU.Build.0 = Release|Any CPU
		{4352B848-8CAA-43EA-B0E5-9278EF002029}.Debug|Any CPU.ActiveCfg = Debug|Any CPU
		{4352B848-8CAA-43EA-B0E5-9278EF002029}.Debug|Any CPU.Build.0 = Debug|Any CPU
		{4352B848-8CAA-43EA-B0E5-9278EF002029}.Release|Any CPU.ActiveCfg = Release|Any CPU
		{4352B848-8CAA-43EA-B0E5-9278EF002029}.Release|Any CPU.Build.0 = Release|Any CPU
	EndGlobalSection
	GlobalSection(SolutionProperties) = preSolution
		HideSolutionNode = FALSE
	EndGlobalSection
EndGlobal
